// !$*UTF8*$!
{
	archiveVersion = 1;
	classes = {
	};
	objectVersion = 50;
	objects = {

/* Begin PBXBuildFile section */
		AA137DF32528725F00C82F61 /* AppDelegate.swift in Sources */ = {isa = PBXBuildFile; fileRef = AA137DF22528725F00C82F61 /* AppDelegate.swift */; };
		AA137DF52528725F00C82F61 /* SceneDelegate.swift in Sources */ = {isa = PBXBuildFile; fileRef = AA137DF42528725F00C82F61 /* SceneDelegate.swift */; };
		AA137DFA2528725F00C82F61 /* Main.storyboard in Resources */ = {isa = PBXBuildFile; fileRef = AA137DF82528725F00C82F61 /* Main.storyboard */; };
		AA137DFC2528725F00C82F61 /* Assets.xcassets in Resources */ = {isa = PBXBuildFile; fileRef = AA137DFB2528725F00C82F61 /* Assets.xcassets */; };
		AA137DFF2528725F00C82F61 /* LaunchScreen.storyboard in Resources */ = {isa = PBXBuildFile; fileRef = AA137DFD2528725F00C82F61 /* LaunchScreen.storyboard */; };
		AA137E192528750200C82F61 /* TextFieldViewController.swift in Sources */ = {isa = PBXBuildFile; fileRef = AA137E152528750200C82F61 /* TextFieldViewController.swift */; };
		AA137E1A2528750200C82F61 /* CustomDelegateViewController.swift in Sources */ = {isa = PBXBuildFile; fileRef = AA137E162528750200C82F61 /* CustomDelegateViewController.swift */; };
		AA137E1B2528750200C82F61 /* TableViewViewController.swift in Sources */ = {isa = PBXBuildFile; fileRef = AA137E172528750200C82F61 /* TableViewViewController.swift */; };
		AA137E1C2528750200C82F61 /* ComposeViewController.swift in Sources */ = {isa = PBXBuildFile; fileRef = AA137E182528750200C82F61 /* ComposeViewController.swift */; };
		AAE367B8252EE43C0075E95C /* ComposeDelegate.swift in Sources */ = {isa = PBXBuildFile; fileRef = AAE367B7252EE43C0075E95C /* ComposeDelegate.swift */; };
/* End PBXBuildFile section */

/* Begin PBXFileReference section */
		AA137DEF2528725F00C82F61 /* DelegatePattern.app */ = {isa = PBXFileReference; explicitFileType = wrapper.application; includeInIndex = 0; path = DelegatePattern.app; sourceTree = BUILT_PRODUCTS_DIR; };
		AA137DF22528725F00C82F61 /* AppDelegate.swift */ = {isa = PBXFileReference; lastKnownFileType = sourcecode.swift; path = AppDelegate.swift; sourceTree = "<group>"; };
		AA137DF42528725F00C82F61 /* SceneDelegate.swift */ = {isa = PBXFileReference; lastKnownFileType = sourcecode.swift; path = SceneDelegate.swift; sourceTree = "<group>"; };
		AA137DF92528725F00C82F61 /* Base */ = {isa = PBXFileReference; lastKnownFileType = file.storyboard; name = Base; path = Base.lproj/Main.storyboard; sourceTree = "<group>"; };
		AA137DFB2528725F00C82F61 /* Assets.xcassets */ = {isa = PBXFileReference; lastKnownFileType = folder.assetcatalog; path = Assets.xcassets; sourceTree = "<group>"; };
		AA137DFE2528725F00C82F61 /* Base */ = {isa = PBXFileReference; lastKnownFileType = file.storyboard; name = Base; path = Base.lproj/LaunchScreen.storyboard; sourceTree = "<group>"; };
		AA137E002528725F00C82F61 /* Info.plist */ = {isa = PBXFileReference; lastKnownFileType = text.plist.xml; path = Info.plist; sourceTree = "<group>"; };
		AA137E152528750200C82F61 /* TextFieldViewController.swift */ = {isa = PBXFileReference; fileEncoding = 4; lastKnownFileType = sourcecode.swift; path = TextFieldViewController.swift; sourceTree = "<group>"; };
		AA137E162528750200C82F61 /* CustomDelegateViewController.swift */ = {isa = PBXFileReference; fileEncoding = 4; lastKnownFileType = sourcecode.swift; path = CustomDelegateViewController.swift; sourceTree = "<group>"; };
		AA137E172528750200C82F61 /* TableViewViewController.swift */ = {isa = PBXFileReference; fileEncoding = 4; lastKnownFileType = sourcecode.swift; path = TableViewViewController.swift; sourceTree = "<group>"; };
		AA137E182528750200C82F61 /* ComposeViewController.swift */ = {isa = PBXFileReference; fileEncoding = 4; lastKnownFileType = sourcecode.swift; path = ComposeViewController.swift; sourceTree = "<group>"; };
		AAE367B7252EE43C0075E95C /* ComposeDelegate.swift */ = {isa = PBXFileReference; lastKnownFileType = sourcecode.swift; path = ComposeDelegate.swift; sourceTree = "<group>"; };
/* End PBXFileReference section */

/* Begin PBXFrameworksBuildPhase section */
		AA137DEC2528725F00C82F61 /* Frameworks */ = {
			isa = PBXFrameworksBuildPhase;
			buildActionMask = 2147483647;
			files = (
			);
			runOnlyForDeploymentPostprocessing = 0;
		};
/* End PBXFrameworksBuildPhase section */

/* Begin PBXGroup section */
		AA137DE62528725F00C82F61 = {
			isa = PBXGroup;
			children = (
				AA137DF12528725F00C82F61 /* DelegatePattern */,
				AA137DF02528725F00C82F61 /* Products */,
			);
			sourceTree = "<group>";
		};
		AA137DF02528725F00C82F61 /* Products */ = {
			isa = PBXGroup;
			children = (
				AA137DEF2528725F00C82F61 /* DelegatePattern.app */,
			);
			name = Products;
			sourceTree = "<group>";
		};
		AA137DF12528725F00C82F61 /* DelegatePattern */ = {
			isa = PBXGroup;
			children = (
				AA137DF22528725F00C82F61 /* AppDelegate.swift */,
				AA137DF42528725F00C82F61 /* SceneDelegate.swift */,
				AA137E182528750200C82F61 /* ComposeViewController.swift */,
				AA137E162528750200C82F61 /* CustomDelegateViewController.swift */,
				AA137E172528750200C82F61 /* TableViewViewController.swift */,
				AA137E152528750200C82F61 /* TextFieldViewController.swift */,
				AA137DF82528725F00C82F61 /* Main.storyboard */,
				AA137DFB2528725F00C82F61 /* Assets.xcassets */,
				AA137DFD2528725F00C82F61 /* LaunchScreen.storyboard */,
				AA137E002528725F00C82F61 /* Info.plist */,
				AAE367B7252EE43C0075E95C /* ComposeDelegate.swift */,
			);
			path = DelegatePattern;
			sourceTree = "<group>";
		};
/* End PBXGroup section */

/* Begin PBXNativeTarget section */
		AA137DEE2528725F00C82F61 /* DelegatePattern */ = {
			isa = PBXNativeTarget;
			buildConfigurationList = AA137E032528725F00C82F61 /* Build configuration list for PBXNativeTarget "DelegatePattern" */;
			buildPhases = (
				AA137DEB2528725F00C82F61 /* Sources */,
				AA137DEC2528725F00C82F61 /* Frameworks */,
				AA137DED2528725F00C82F61 /* Resources */,
			);
			buildRules = (
			);
			dependencies = (
			);
			name = DelegatePattern;
			productName = DelegatePattern;
			productReference = AA137DEF2528725F00C82F61 /* DelegatePattern.app */;
			productType = "com.apple.product-type.application";
		};
/* End PBXNativeTarget section */

/* Begin PBXProject section */
		AA137DE72528725F00C82F61 /* Project object */ = {
			isa = PBXProject;
			attributes = {
				LastSwiftUpdateCheck = 1200;
				LastUpgradeCheck = 1200;
				TargetAttributes = {
					AA137DEE2528725F00C82F61 = {
						CreatedOnToolsVersion = 12.0;
					};
				};
			};
			buildConfigurationList = AA137DEA2528725F00C82F61 /* Build configuration list for PBXProject "DelegatePattern" */;
			compatibilityVersion = "Xcode 9.3";
			developmentRegion = en;
			hasScannedForEncodings = 0;
			knownRegions = (
				en,
				Base,
			);
			mainGroup = AA137DE62528725F00C82F61;
			productRefGroup = AA137DF02528725F00C82F61 /* Products */;
			projectDirPath = "";
			projectRoot = "";
			targets = (
				AA137DEE2528725F00C82F61 /* DelegatePattern */,
			);
		};
/* End PBXProject section */

/* Begin PBXResourcesBuildPhase section */
		AA137DED2528725F00C82F61 /* Resources */ = {
			isa = PBXResourcesBuildPhase;
			buildActionMask = 2147483647;
			files = (
				AA137DFF2528725F00C82F61 /* LaunchScreen.storyboard in Resources */,
				AA137DFC2528725F00C82F61 /* Assets.xcassets in Resources */,
				AA137DFA2528725F00C82F61 /* Main.storyboard in Resources */,
			);
			runOnlyForDeploymentPostprocessing = 0;
		};
/* End PBXResourcesBuildPhase section */

/* Begin PBXSourcesBuildPhase section */
		AA137DEB2528725F00C82F61 /* Sources */ = {
			isa = PBXSourcesBuildPhase;
			buildActionMask = 2147483647;
			files = (
				AA137DF32528725F00C82F61 /* AppDelegate.swift in Sources */,
				AAE367B8252EE43C0075E95C /* ComposeDelegate.swift in Sources */,
				AA137DF52528725F00C82F61 /* SceneDelegate.swift in Sources */,
				AA137E1A2528750200C82F61 /* CustomDelegateViewController.swift in Sources */,
				AA137E1C2528750200C82F61 /* ComposeViewController.swift in Sources */,
				AA137E192528750200C82F61 /* TextFieldViewController.swift in Sources */,
				AA137E1B2528750200C82F61 /* TableViewViewController.swift in Sources */,
			);
			runOnlyForDeploymentPostprocessing = 0;
		};
/* End PBXSourcesBuildPhase section */

/* Begin PBXVariantGroup section */
		AA137DF82528725F00C82F61 /* Main.storyboard */ = {
			isa = PBXVariantGroup;
			children = (
				AA137DF92528725F00C82F61 /* Base */,
			);
			name = Main.storyboard;
			sourceTree = "<group>";
		};
		AA137DFD2528725F00C82F61 /* LaunchScreen.storyboard */ = {
			isa = PBXVariantGroup;
			children = (
				AA137DFE2528725F00C82F61 /* Base */,
			);
			name = LaunchScreen.storyboard;
			sourceTree = "<group>";
		};
/* End PBXVariantGroup section */

/* Begin XCBuildConfiguration section */
		AA137E012528725F00C82F61 /* Debug */ = {
			isa = XCBuildConfiguration;
			buildSettings = {
				ALWAYS_SEARCH_USER_PATHS = NO;
				CLANG_ANALYZER_NONNULL = YES;
				CLANG_ANALYZER_NUMBER_OBJECT_CONVERSION = YES_AGGRESSIVE;
				CLANG_CXX_LANGUAGE_STANDARD = "gnu++14";
				CLANG_CXX_LIBRARY = "libc++";
				CLANG_ENABLE_MODULES = YES;
				CLANG_ENABLE_OBJC_ARC = YES;
				CLANG_ENABLE_OBJC_WEAK = YES;
				CLANG_WARN_BLOCK_CAPTURE_AUTORELEASING = YES;
				CLANG_WARN_BOOL_CONVERSION = YES;
				CLANG_WARN_COMMA = YES;
				CLANG_WARN_CONSTANT_CONVERSION = YES;
				CLANG_WARN_DEPRECATED_OBJC_IMPLEMENTATIONS = YES;
				CLANG_WARN_DIRECT_OBJC_ISA_USAGE = YES_ERROR;
				CLANG_WARN_DOCUMENTATION_COMMENTS = YES;
				CLANG_WARN_EMPTY_BODY = YES;
				CLANG_WARN_ENUM_CONVERSION = YES;
				CLANG_WARN_INFINITE_RECURSION = YES;
				CLANG_WARN_INT_CONVERSION = YES;
				CLANG_WARN_NON_LITERAL_NULL_CONVERSION = YES;
				CLANG_WARN_OBJC_IMPLICIT_RETAIN_SELF = YES;
				CLANG_WARN_OBJC_LITERAL_CONVERSION = YES;
				CLANG_WARN_OBJC_ROOT_CLASS = YES_ERROR;
				CLANG_WARN_QUOTED_INCLUDE_IN_FRAMEWORK_HEADER = YES;
				CLANG_WARN_RANGE_LOOP_ANALYSIS = YES;
				CLANG_WARN_STRICT_PROTOTYPES = YES;
				CLANG_WARN_SUSPICIOUS_MOVE = YES;
				CLANG_WARN_UNGUARDED_AVAILABILITY = YES_AGGRESSIVE;
				CLANG_WARN_UNREACHABLE_CODE = YES;
				CLANG_WARN__DUPLICATE_METHOD_MATCH = YES;
				COPY_PHASE_STRIP = NO;
				DEBUG_INFORMATION_FORMAT = dwarf;
				ENABLE_STRICT_OBJC_MSGSEND = YES;
				ENABLE_TESTABILITY = YES;
				GCC_C_LANGUAGE_STANDARD = gnu11;
				GCC_DYNAMIC_NO_PIC = NO;
				GCC_NO_COMMON_BLOCKS = YES;
				GCC_OPTIMIZATION_LEVEL = 0;
				GCC_PREPROCESSOR_DEFINITIONS = (
					"DEBUG=1",
					"$(inherited)",
				);
				GCC_WARN_64_TO_32_BIT_CONVERSION = YES;
				GCC_WARN_ABOUT_RETURN_TYPE = YES_ERROR;
				GCC_WARN_UNDECLARED_SELECTOR = YES;
				GCC_WARN_UNINITIALIZED_AUTOS = YES_AGGRESSIVE;
				GCC_WARN_UNUSED_FUNCTION = YES;
				GCC_WARN_UNUSED_VARIABLE = YES;
				IPHONEOS_DEPLOYMENT_TARGET = 14.0;
				MTL_ENABLE_DEBUG_INFO = INCLUDE_SOURCE;
				MTL_FAST_MATH = YES;
				ONLY_ACTIVE_ARCH = YES;
				SDKROOT = iphoneos;
				SWIFT_ACTIVE_COMPILATION_CONDITIONS = DEBUG;
				SWIFT_OPTIMIZATION_LEVEL = "-Onone";
			};
			name = Debug;
		};
		AA137E022528725F00C82F61 /* Release */ = {
			isa = XCBuildConfiguration;
			buildSettings = {
				ALWAYS_SEARCH_USER_PATHS = NO;
				CLANG_ANALYZER_NONNULL = YES;
				CLANG_ANALYZER_NUMBER_OBJECT_CONVERSION = YES_AGGRESSIVE;
				CLANG_CXX_LANGUAGE_STANDARD = "gnu++14";
				CLANG_CXX_LIBRARY = "libc++";
				CLANG_ENABLE_MODULES = YES;
				CLANG_ENABLE_OBJC_ARC = YES;
				CLANG_ENABLE_OBJC_WEAK = YES;
				CLANG_WARN_BLOCK_CAPTURE_AUTORELEASING = YES;
				CLANG_WARN_BOOL_CONVERSION = YES;
				CLANG_WARN_COMMA = YES;
				CLANG_WARN_CONSTANT_CONVERSION = YES;
				CLANG_WARN_DEPRECATED_OBJC_IMPLEMENTATIONS = YES;
				CLANG_WARN_DIRECT_OBJC_ISA_USAGE = YES_ERROR;
				CLANG_WARN_DOCUMENTATION_COMMENTS = YES;
				CLANG_WARN_EMPTY_BODY = YES;
				CLANG_WARN_ENUM_CONVERSION = YES;
				CLANG_WARN_INFINITE_RECURSION = YES;
				CLANG_WARN_INT_CONVERSION = YES;
				CLANG_WARN_NON_LITERAL_NULL_CONVERSION = YES;
				CLANG_WARN_OBJC_IMPLICIT_RETAIN_SELF = YES;
				CLANG_WARN_OBJC_LITERAL_CONVERSION = YES;
				CLANG_WARN_OBJC_ROOT_CLASS = YES_ERROR;
				CLANG_WARN_QUOTED_INCLUDE_IN_FRAMEWORK_HEADER = YES;
				CLANG_WARN_RANGE_LOOP_ANALYSIS = YES;
				CLANG_WARN_STRICT_PROTOTYPES = YES;
				CLANG_WARN_SUSPICIOUS_MOVE = YES;
				CLANG_WARN_UNGUARDED_AVAILABILITY = YES_AGGRESSIVE;
				CLANG_WARN_UNREACHABLE_CODE = YES;
				CLANG_WARN__DUPLICATE_METHOD_MATCH = YES;
				COPY_PHASE_STRIP = NO;
				DEBUG_INFORMATION_FORMAT = "dwarf-with-dsym";
				ENABLE_NS_ASSERTIONS = NO;
				ENABLE_STRICT_OBJC_MSGSEND = YES;
				GCC_C_LANGUAGE_STANDARD = gnu11;
				GCC_NO_COMMON_BLOCKS = YES;
				GCC_WARN_64_TO_32_BIT_CONVERSION = YES;
				GCC_WARN_ABOUT_RETURN_TYPE = YES_ERROR;
				GCC_WARN_UNDECLARED_SELECTOR = YES;
				GCC_WARN_UNINITIALIZED_AUTOS = YES_AGGRESSIVE;
				GCC_WARN_UNUSED_FUNCTION = YES;
				GCC_WARN_UNUSED_VARIABLE = YES;
				IPHONEOS_DEPLOYMENT_TARGET = 14.0;
				MTL_ENABLE_DEBUG_INFO = NO;
				MTL_FAST_MATH = YES;
				SDKROOT = iphoneos;
				SWIFT_COMPILATION_MODE = wholemodule;
				SWIFT_OPTIMIZATION_LEVEL = "-O";
				VALIDATE_PRODUCT = YES;
			};
			name = Release;
		};
		AA137E042528725F00C82F61 /* Debug */ = {
			isa = XCBuildConfiguration;
			buildSettings = {
				ASSETCATALOG_COMPILER_APPICON_NAME = AppIcon;
				ASSETCATALOG_COMPILER_GLOBAL_ACCENT_COLOR_NAME = AccentColor;
				CODE_SIGN_STYLE = Automatic;
				DEVELOPMENT_TEAM = 6GG6YUX8VB;
				INFOPLIST_FILE = DelegatePattern/Info.plist;
				IPHONEOS_DEPLOYMENT_TARGET = 11.0;
				LD_RUNPATH_SEARCH_PATHS = (
					"$(inherited)",
					"@executable_path/Frameworks",
				);
				PRODUCT_BUNDLE_IDENTIFIER = com.kxcoding.DelegatePattern;
				PRODUCT_NAME = "$(TARGET_NAME)";
				SWIFT_VERSION = 5.0;
				TARGETED_DEVICE_FAMILY = "1,2";
			};
			name = Debug;
		};
		AA137E052528725F00C82F61 /* Release */ = {
			isa = XCBuildConfiguration;
			buildSettings = {
				ASSETCATALOG_COMPILER_APPICON_NAME = AppIcon;
				ASSETCATALOG_COMPILER_GLOBAL_ACCENT_COLOR_NAME = AccentColor;
				CODE_SIGN_STYLE = Automatic;
				DEVELOPMENT_TEAM = 6GG6YUX8VB;
				INFOPLIST_FILE = DelegatePattern/Info.plist;
				IPHONEOS_DEPLOYMENT_TARGET = 11.0;
				LD_RUNPATH_SEARCH_PATHS = (
					"$(inherited)",
					"@executable_path/Frameworks",
				);
				PRODUCT_BUNDLE_IDENTIFIER = com.kxcoding.DelegatePattern;
				PRODUCT_NAME = "$(TARGET_NAME)";
				SWIFT_VERSION = 5.0;
				TARGETED_DEVICE_FAMILY = "1,2";
			};
			name = Release;
		};
/* End XCBuildConfiguration section */

/* Begin XCConfigurationList section */
		AA137DEA2528725F00C82F61 /* Build configuration list for PBXProject "DelegatePattern" */ = {
			isa = XCConfigurationList;
			buildConfigurations = (
				AA137E012528725F00C82F61 /* Debug */,
				AA137E022528725F00C82F61 /* Release */,
			);
			defaultConfigurationIsVisible = 0;
			defaultConfigurationName = Release;
		};
		AA137E032528725F00C82F61 /* Build configuration list for PBXNativeTarget "DelegatePattern" */ = {
			isa = XCConfigurationList;
			buildConfigurations = (
				AA137E042528725F00C82F61 /* Debug */,
				AA137E052528725F00C82F61 /* Release */,
			);
			defaultConfigurationIsVisible = 0;
			defaultConfigurationName = Release;
		};
/* End XCConfigurationList section */
	};
	rootObject = AA137DE72528725F00C82F61 /* Project object */;
}
